
Microsoft Visual Studio Solution File, Format Version 12.00
# Visual Studio Version 16
VisualStudioVersion = 16.0.32802.440
MinimumVisualStudioVersion = 10.0.40219.1
Project("{FAE04EC0-301F-11D3-BF4B-00C04F79EFBC}") = "ImageUploadApplication", "ImageUploadApplication\ImageUploadApplication.csproj", "{D4AF5E2C-A13F-4A12-B427-601C73A413CA}"
EndProject
Global
	GlobalSection(SolutionConfigurationPlatforms) = preSolution
		Debug|Any CPU = Debug|Any CPU
		Release|Any CPU = Release|Any CPU
	EndGlobalSection
	GlobalSection(ProjectConfigurationPlatforms) = postSolution
		{D4AF5E2C-A13F-4A12-B427-601C73A413CA}.Debug|Any CPU.ActiveCfg = Debug|Any CPU
		{D4AF5E2C-A13F-4A12-B427-601C73A413CA}.Debug|Any CPU.Build.0 = Debug|Any CPU
		{D4AF5E2C-A13F-4A12-B427-601C73A413CA}.Release|Any CPU.ActiveCfg = Release|Any CPU
		{D4AF5E2C-A13F-4A12-B427-601C73A413CA}.Release|Any CPU.Build.0 = Release|Any CPU
	EndGlobalSection
	GlobalSection(SolutionProperties) = preSolution
		HideSolutionNode = FALSE
	EndGlobalSection
	GlobalSection(ExtensibilityGlobals) = postSolution
		SolutionGuid = {80DF1C2B-0179-4ACA-89DA-57BB85B1C741}
	EndGlobalSection
EndGlobal
